
Microsoft Visual Studio Solution File, Format Version 12.00
# Visual Studio 15
VisualStudioVersion = 15.0.27703.2018
MinimumVisualStudioVersion = 10.0.40219.1
Project("{8BC9CEB8-8B4A-11D0-8D11-00A0C91BC942}") = "TheGame", "TheGame\TheGame.vcxproj", "{C7BBF677-5527-4576-9FD5-372810C4DC33}"
EndProject
Global
	GlobalSection(SolutionConfigurationPlatforms) = preSolution
		Debug|x64 = Debug|x64
		Debug|x86 = Debug|x86
		Release|x64 = Release|x64
		Release|x86 = Release|x86
	EndGlobalSection
	GlobalSection(ProjectConfigurationPlatforms) = postSolution
		{C7BBF677-5527-4576-9FD5-372810C4DC33}.Debug|x64.ActiveCfg = Debug|x64
		{C7BBF677-5527-4576-9FD5-372810C4DC33}.Debug|x64.Build.0 = Debug|x64
		{C7BBF677-5527-4576-9FD5-372810C4DC33}.Debug|x86.ActiveCfg = Debug|Win32
		{C7BBF677-5527-4576-9FD5-372810C4DC33}.Debug|x86.Build.0 = Debug|Win32
		{C7BBF677-5527-4576-9FD5-372810C4DC33}.Release|x64.ActiveCfg = Release|x64
		{C7BBF677-5527-4576-9FD5-372810C4DC33}.Release|x64.Build.0 = Release|x64
		{C7BBF677-5527-4576-9FD5-372810C4DC33}.Release|x86.ActiveCfg = Release|Win32
		{C7BBF677-5527-4576-9FD5-372810C4DC33}.Release|x86.Build.0 = Release|Win32
	EndGlobalSection
	GlobalSection(SolutionProperties) = preSolution
		HideSolutionNode = FALSE
	EndGlobalSection
	GlobalSection(ExtensibilityGlobals) = postSolution
		SolutionGuid = {06648A87-BDD9-4F65-9D41-C132E8EF8473}
	EndGlobalSection
EndGlobal
